
Microsoft Visual Studio Solution File, Format Version 12.00
# Visual Studio Version 16
VisualStudioVersion = 16.0.31321.278
MinimumVisualStudioVersion = 10.0.40219.1
Project("{9A19103F-16F7-4668-BE54-9A1E7A4F7556}") = "LearnCSharpDesignPatterns", "LearnCSharpDesignPatterns\LearnCSharpDesignPatterns.csproj", "{53C02D31-2AC0-4D67-87FF-8EEB907AF2BD}"
EndProject
Project("{9A19103F-16F7-4668-BE54-9A1E7A4F7556}") = "Prototype", "Prototype\Prototype.csproj", "{91B5C6B2-4F5D-4896-AFAE-8029ACA6CFE5}"
EndProject
Project("{9A19103F-16F7-4668-BE54-9A1E7A4F7556}") = "AbstractFactory", "AbstractFactory\AbstractFactory.csproj", "{8404ECAC-10F1-4AF6-B34C-BFB7AB8CF703}"
EndProject
Project("{9A19103F-16F7-4668-BE54-9A1E7A4F7556}") = "Factory", "Factory\Factory.csproj", "{A66AF452-9776-442D-B5FB-979C9276A921}"
EndProject
Project("{9A19103F-16F7-4668-BE54-9A1E7A4F7556}") = "Builder", "Builder\Builder.csproj", "{33CF16E7-4B31-4BA5-99A8-7B71AFF4AEA0}"
EndProject
Project("{9A19103F-16F7-4668-BE54-9A1E7A4F7556}") = "Adapter", "Adapter\Adapter.csproj", "{364C031B-C5E9-4992-8F40-CF3C0E3EE16C}"
EndProject
Project("{9A19103F-16F7-4668-BE54-9A1E7A4F7556}") = "Bridge", "Bridge\Bridge.csproj", "{80B63F3A-F2B4-45A6-809F-D272761361A8}"
EndProject
Project("{9A19103F-16F7-4668-BE54-9A1E7A4F7556}") = "Composite", "Composite\Composite.csproj", "{1FDE3C07-E439-4A64-9B6E-1F48122ABB67}"
EndProject
Project("{9A19103F-16F7-4668-BE54-9A1E7A4F7556}") = "Decorator", "Decorator\Decorator.csproj", "{9A39A947-4E9A-48FA-A930-3D867EF6565C}"
EndProject
Project("{9A19103F-16F7-4668-BE54-9A1E7A4F7556}") = "Facade", "Facade\Facade.csproj", "{A954AA0A-DEFE-4D09-9AC9-1071BE424E4B}"
EndProject
Project("{9A19103F-16F7-4668-BE54-9A1E7A4F7556}") = "Flyweight", "Flyweight\Flyweight.csproj", "{D162A4C6-24DD-4BBF-8445-F9776EB34462}"
EndProject
Project("{9A19103F-16F7-4668-BE54-9A1E7A4F7556}") = "Proxy", "Proxy\Proxy.csproj", "{15B05B48-F289-496B-A014-6DA1EAA494ED}"
EndProject
Project("{9A19103F-16F7-4668-BE54-9A1E7A4F7556}") = "Singleton", "Singleton\Singleton.csproj", "{A1CC7AD0-04B5-455A-84FE-320A06D88BD8}"
EndProject
Project("{9A19103F-16F7-4668-BE54-9A1E7A4F7556}") = "ChainofResponsibility", "ChainofResponsibility\ChainofResponsibility.csproj", "{0488C3E4-F27D-4C40-BB55-8BCDE146A5DA}"
EndProject
Project("{9A19103F-16F7-4668-BE54-9A1E7A4F7556}") = "Command", "Command\Command.csproj", "{B47BC744-AEDE-4E42-9C11-86F9E64F8909}"
EndProject
Project("{9A19103F-16F7-4668-BE54-9A1E7A4F7556}") = "Iterator", "Iterator\Iterator.csproj", "{299D5746-0FC0-42AC-9F17-C86557AFC913}"
EndProject
Project("{9A19103F-16F7-4668-BE54-9A1E7A4F7556}") = "Mediator", "Mediator\Mediator.csproj", "{D5CDA6F4-DF2F-4B7E-BBB9-A1209DAE98CF}"
EndProject
Project("{9A19103F-16F7-4668-BE54-9A1E7A4F7556}") = "Memento", "Memento\Memento.csproj", "{C46B3ACB-9045-4B77-8F42-0D8086F8BBB8}"
EndProject
Global
	GlobalSection(SolutionConfigurationPlatforms) = preSolution
		Debug|Any CPU = Debug|Any CPU
		Release|Any CPU = Release|Any CPU
	EndGlobalSection
	GlobalSection(ProjectConfigurationPlatforms) = postSolution
		{53C02D31-2AC0-4D67-87FF-8EEB907AF2BD}.Debug|Any CPU.ActiveCfg = Debug|Any CPU
		{53C02D31-2AC0-4D67-87FF-8EEB907AF2BD}.Debug|Any CPU.Build.0 = Debug|Any CPU
		{53C02D31-2AC0-4D67-87FF-8EEB907AF2BD}.Release|Any CPU.ActiveCfg = Release|Any CPU
		{53C02D31-2AC0-4D67-87FF-8EEB907AF2BD}.Release|Any CPU.Build.0 = Release|Any CPU
		{91B5C6B2-4F5D-4896-AFAE-8029ACA6CFE5}.Debug|Any CPU.ActiveCfg = Debug|Any CPU
		{91B5C6B2-4F5D-4896-AFAE-8029ACA6CFE5}.Debug|Any CPU.Build.0 = Debug|Any CPU
		{91B5C6B2-4F5D-4896-AFAE-8029ACA6CFE5}.Release|Any CPU.ActiveCfg = Release|Any CPU
		{91B5C6B2-4F5D-4896-AFAE-8029ACA6CFE5}.Release|Any CPU.Build.0 = Release|Any CPU
		{8404ECAC-10F1-4AF6-B34C-BFB7AB8CF703}.Debug|Any CPU.ActiveCfg = Debug|Any CPU
		{8404ECAC-10F1-4AF6-B34C-BFB7AB8CF703}.Debug|Any CPU.Build.0 = Debug|Any CPU
		{8404ECAC-10F1-4AF6-B34C-BFB7AB8CF703}.Release|Any CPU.ActiveCfg = Release|Any CPU
		{8404ECAC-10F1-4AF6-B34C-BFB7AB8CF703}.Release|Any CPU.Build.0 = Release|Any CPU
		{A66AF452-9776-442D-B5FB-979C9276A921}.Debug|Any CPU.ActiveCfg = Debug|Any CPU
		{A66AF452-9776-442D-B5FB-979C9276A921}.Debug|Any CPU.Build.0 = Debug|Any CPU
		{A66AF452-9776-442D-B5FB-979C9276A921}.Release|Any CPU.ActiveCfg = Release|Any CPU
		{A66AF452-9776-442D-B5FB-979C9276A921}.Release|Any CPU.Build.0 = Release|Any CPU
		{33CF16E7-4B31-4BA5-99A8-7B71AFF4AEA0}.Debug|Any CPU.ActiveCfg = Debug|Any CPU
		{33CF16E7-4B31-4BA5-99A8-7B71AFF4AEA0}.Debug|Any CPU.Build.0 = Debug|Any CPU
		{33CF16E7-4B31-4BA5-99A8-7B71AFF4AEA0}.Release|Any CPU.ActiveCfg = Release|Any CPU
		{33CF16E7-4B31-4BA5-99A8-7B71AFF4AEA0}.Release|Any CPU.Build.0 = Release|Any CPU
		{364C031B-C5E9-4992-8F40-CF3C0E3EE16C}.Debug|Any CPU.ActiveCfg = Debug|Any CPU
		{364C031B-C5E9-4992-8F40-CF3C0E3EE16C}.Debug|Any CPU.Build.0 = Debug|Any CPU
		{364C031B-C5E9-4992-8F40-CF3C0E3EE16C}.Release|Any CPU.ActiveCfg = Release|Any CPU
		{364C031B-C5E9-4992-8F40-CF3C0E3EE16C}.Release|Any CPU.Build.0 = Release|Any CPU
		{80B63F3A-F2B4-45A6-809F-D272761361A8}.Debug|Any CPU.ActiveCfg = Debug|Any CPU
		{80B63F3A-F2B4-45A6-809F-D272761361A8}.Debug|Any CPU.Build.0 = Debug|Any CPU
		{80B63F3A-F2B4-45A6-809F-D272761361A8}.Release|Any CPU.ActiveCfg = Release|Any CPU
		{80B63F3A-F2B4-45A6-809F-D272761361A8}.Release|Any CPU.Build.0 = Release|Any CPU
		{1FDE3C07-E439-4A64-9B6E-1F48122ABB67}.Debug|Any CPU.ActiveCfg = Debug|Any CPU
		{1FDE3C07-E439-4A64-9B6E-1F48122ABB67}.Debug|Any CPU.Build.0 = Debug|Any CPU
		{1FDE3C07-E439-4A64-9B6E-1F48122ABB67}.Release|Any CPU.ActiveCfg = Release|Any CPU
		{1FDE3C07-E439-4A64-9B6E-1F48122ABB67}.Release|Any CPU.Build.0 = Release|Any CPU
		{9A39A947-4E9A-48FA-A930-3D867EF6565C}.Debug|Any CPU.ActiveCfg = Debug|Any CPU
		{9A39A947-4E9A-48FA-A930-3D867EF6565C}.Debug|Any CPU.Build.0 = Debug|Any CPU
		{9A39A947-4E9A-48FA-A930-3D867EF6565C}.Release|Any CPU.ActiveCfg = Release|Any CPU
		{9A39A947-4E9A-48FA-A930-3D867EF6565C}.Release|Any CPU.Build.0 = Release|Any CPU
		{A954AA0A-DEFE-4D09-9AC9-1071BE424E4B}.Debug|Any CPU.ActiveCfg = Debug|Any CPU
		{A954AA0A-DEFE-4D09-9AC9-1071BE424E4B}.Debug|Any CPU.Build.0 = Debug|Any CPU
		{A954AA0A-DEFE-4D09-9AC9-1071BE424E4B}.Release|Any CPU.ActiveCfg = Release|Any CPU
		{A954AA0A-DEFE-4D09-9AC9-1071BE424E4B}.Release|Any CPU.Build.0 = Release|Any CPU
		{D162A4C6-24DD-4BBF-8445-F9776EB34462}.Debug|Any CPU.ActiveCfg = Debug|Any CPU
		{D162A4C6-24DD-4BBF-8445-F9776EB34462}.Debug|Any CPU.Build.0 = Debug|Any CPU
		{D162A4C6-24DD-4BBF-8445-F9776EB34462}.Release|Any CPU.ActiveCfg = Release|Any CPU
		{D162A4C6-24DD-4BBF-8445-F9776EB34462}.Release|Any CPU.Build.0 = Release|Any CPU
		{15B05B48-F289-496B-A014-6DA1EAA494ED}.Debug|Any CPU.ActiveCfg = Debug|Any CPU
		{15B05B48-F289-496B-A014-6DA1EAA494ED}.Debug|Any CPU.Build.0 = Debug|Any CPU
		{15B05B48-F289-496B-A014-6DA1EAA494ED}.Release|Any CPU.ActiveCfg = Release|Any CPU
		{15B05B48-F289-496B-A014-6DA1EAA494ED}.Release|Any CPU.Build.0 = Release|Any CPU
		{A1CC7AD0-04B5-455A-84FE-320A06D88BD8}.Debug|Any CPU.ActiveCfg = Debug|Any CPU
		{A1CC7AD0-04B5-455A-84FE-320A06D88BD8}.Debug|Any CPU.Build.0 = Debug|Any CPU
		{A1CC7AD0-04B5-455A-84FE-320A06D88BD8}.Release|Any CPU.ActiveCfg = Release|Any CPU
		{A1CC7AD0-04B5-455A-84FE-320A06D88BD8}.Release|Any CPU.Build.0 = Release|Any CPU
		{0488C3E4-F27D-4C40-BB55-8BCDE146A5DA}.Debug|Any CPU.ActiveCfg = Debug|Any CPU
		{0488C3E4-F27D-4C40-BB55-8BCDE146A5DA}.Debug|Any CPU.Build.0 = Debug|Any CPU
		{0488C3E4-F27D-4C40-BB55-8BCDE146A5DA}.Release|Any CPU.ActiveCfg = Release|Any CPU
		{0488C3E4-F27D-4C40-BB55-8BCDE146A5DA}.Release|Any CPU.Build.0 = Release|Any CPU
		{B47BC744-AEDE-4E42-9C11-86F9E64F8909}.Debug|Any CPU.ActiveCfg = Debug|Any CPU
		{B47BC744-AEDE-4E42-9C11-86F9E64F8909}.Debug|Any CPU.Build.0 = Debug|Any CPU
		{B47BC744-AEDE-4E42-9C11-86F9E64F8909}.Release|Any CPU.ActiveCfg = Release|Any CPU
		{B47BC744-AEDE-4E42-9C11-86F9E64F8909}.Release|Any CPU.Build.0 = Release|Any CPU
		{299D5746-0FC0-42AC-9F17-C86557AFC913}.Debug|Any CPU.ActiveCfg = Debug|Any CPU
		{299D5746-0FC0-42AC-9F17-C86557AFC913}.Debug|Any CPU.Build.0 = Debug|Any CPU
		{299D5746-0FC0-42AC-9F17-C86557AFC913}.Release|Any CPU.ActiveCfg = Release|Any CPU
		{299D5746-0FC0-42AC-9F17-C86557AFC913}.Release|Any CPU.Build.0 = Release|Any CPU
		{D5CDA6F4-DF2F-4B7E-BBB9-A1209DAE98CF}.Debug|Any CPU.ActiveCfg = Debug|Any CPU
		{D5CDA6F4-DF2F-4B7E-BBB9-A1209DAE98CF}.Debug|Any CPU.Build.0 = Debug|Any CPU
		{D5CDA6F4-DF2F-4B7E-BBB9-A1209DAE98CF}.Release|Any CPU.ActiveCfg = Release|Any CPU
		{D5CDA6F4-DF2F-4B7E-BBB9-A1209DAE98CF}.Release|Any CPU.Build.0 = Release|Any CPU
		{C46B3ACB-9045-4B77-8F42-0D8086F8BBB8}.Debug|Any CPU.ActiveCfg = Debug|Any CPU
		{C46B3ACB-9045-4B77-8F42-0D8086F8BBB8}.Debug|Any CPU.Build.0 = Debug|Any CPU
		{C46B3ACB-9045-4B77-8F42-0D8086F8BBB8}.Release|Any CPU.ActiveCfg = Release|Any CPU
		{C46B3ACB-9045-4B77-8F42-0D8086F8BBB8}.Release|Any CPU.Build.0 = Release|Any CPU
	EndGlobalSection
	GlobalSection(SolutionProperties) = preSolution
		HideSolutionNode = FALSE
	EndGlobalSection
	GlobalSection(ExtensibilityGlobals) = postSolution
		SolutionGuid = {26F27C92-9F17-463C-BF2A-7A97FED5AFD4}
	EndGlobalSection
EndGlobal
