
Microsoft Visual Studio Solution File, Format Version 12.00
# Visual Studio Version 16
VisualStudioVersion = 16.0.31410.357
MinimumVisualStudioVersion = 10.0.40219.1
Project("{FAE04EC0-301F-11D3-BF4B-00C04F79EFBC}") = "LearnCSharpDesignPatterns", "LearnCSharpDesignPatterns\LearnCSharpDesignPatterns.csproj", "{C1194E7A-E9C3-4949-8A55-B1F51B9949DD}"
EndProject
Global
	GlobalSection(SolutionConfigurationPlatforms) = preSolution
		Debug|Any CPU = Debug|Any CPU
		Release|Any CPU = Release|Any CPU
	EndGlobalSection
	GlobalSection(ProjectConfigurationPlatforms) = postSolution
		{C1194E7A-E9C3-4949-8A55-B1F51B9949DD}.Debug|Any CPU.ActiveCfg = Debug|Any CPU
		{C1194E7A-E9C3-4949-8A55-B1F51B9949DD}.Debug|Any CPU.Build.0 = Debug|Any CPU
		{C1194E7A-E9C3-4949-8A55-B1F51B9949DD}.Release|Any CPU.ActiveCfg = Release|Any CPU
		{C1194E7A-E9C3-4949-8A55-B1F51B9949DD}.Release|Any CPU.Build.0 = Release|Any CPU
	EndGlobalSection
	GlobalSection(SolutionProperties) = preSolution
		HideSolutionNode = FALSE
	EndGlobalSection
	GlobalSection(ExtensibilityGlobals) = postSolution
		SolutionGuid = {E06040B0-23E7-45B7-8DD6-0EFE901CC5FB}
	EndGlobalSection
EndGlobal
